
Microsoft Visual Studio Solution File, Format Version 12.00
# Visual Studio Version 17
VisualStudioVersion = 17.0.31912.275
MinimumVisualStudioVersion = 10.0.40219.1
Project("{FAE04EC0-301F-11D3-BF4B-00C04F79EFBC}") = "Lab21", "Lab21\Lab21.csproj", "{55952074-F28C-4526-A344-5BDD3E1E569B}"
EndProject
Global
	GlobalSection(SolutionConfigurationPlatforms) = preSolution
		Debug|Any CPU = Debug|Any CPU
		Release|Any CPU = Release|Any CPU
	EndGlobalSection
	GlobalSection(ProjectConfigurationPlatforms) = postSolution
		{55952074-F28C-4526-A344-5BDD3E1E569B}.Debug|Any CPU.ActiveCfg = Debug|Any CPU
		{55952074-F28C-4526-A344-5BDD3E1E569B}.Debug|Any CPU.Build.0 = Debug|Any CPU
		{55952074-F28C-4526-A344-5BDD3E1E569B}.Release|Any CPU.ActiveCfg = Release|Any CPU
		{55952074-F28C-4526-A344-5BDD3E1E569B}.Release|Any CPU.Build.0 = Release|Any CPU
	EndGlobalSection
	GlobalSection(SolutionProperties) = preSolution
		HideSolutionNode = FALSE
	EndGlobalSection
	GlobalSection(ExtensibilityGlobals) = postSolution
		SolutionGuid = {FEC2C736-334D-4B12-8046-752D3D6110D1}
	EndGlobalSection
EndGlobal
